
Microsoft Visual Studio Solution File, Format Version 12.00
# Visual Studio 15
VisualStudioVersion = 15.0.26430.16
MinimumVisualStudioVersion = 10.0.40219.1
Project("{2150E333-8FDC-42A3-9474-1A3956D46DE8}") = "Tests", "Tests", "{1B69AE63-D58A-496C-B178-149F42EC4985}"
EndProject
Project("{FAE04EC0-301F-11D3-BF4B-00C04F79EFBC}") = "BitfinexClientSharp.Example", "BitfinexClientSharp.Example\BitfinexClientSharp.Example.csproj", "{ED1A4382-48F5-4F63-8A37-F61C05B20846}"
EndProject
Project("{FAE04EC0-301F-11D3-BF4B-00C04F79EFBC}") = "BitfinexClientSharp.Tests", "BitfinexClientSharp.Tests\BitfinexClientSharp.Tests.csproj", "{BDBF9C11-C781-4463-834D-19BD448FB56D}"
EndProject
Project("{2150E333-8FDC-42A3-9474-1A3956D46DE8}") = "Examples", "Examples", "{71C33483-8382-403D-9027-43B957157909}"
EndProject
Project("{FAE04EC0-301F-11D3-BF4B-00C04F79EFBC}") = "BitfinexClientSharp", "BitfinexClientSharp\BitfinexClientSharp.csproj", "{AF809C99-6339-4C9F-8F39-A4989B846AD6}"
EndProject
Global
	GlobalSection(SolutionConfigurationPlatforms) = preSolution
		Debug|Any CPU = Debug|Any CPU
		Release|Any CPU = Release|Any CPU
	EndGlobalSection
	GlobalSection(ProjectConfigurationPlatforms) = postSolution
		{ED1A4382-48F5-4F63-8A37-F61C05B20846}.Debug|Any CPU.ActiveCfg = Debug|Any CPU
		{ED1A4382-48F5-4F63-8A37-F61C05B20846}.Debug|Any CPU.Build.0 = Debug|Any CPU
		{ED1A4382-48F5-4F63-8A37-F61C05B20846}.Release|Any CPU.ActiveCfg = Release|Any CPU
		{ED1A4382-48F5-4F63-8A37-F61C05B20846}.Release|Any CPU.Build.0 = Release|Any CPU
		{BDBF9C11-C781-4463-834D-19BD448FB56D}.Debug|Any CPU.ActiveCfg = Debug|Any CPU
		{BDBF9C11-C781-4463-834D-19BD448FB56D}.Debug|Any CPU.Build.0 = Debug|Any CPU
		{BDBF9C11-C781-4463-834D-19BD448FB56D}.Release|Any CPU.ActiveCfg = Release|Any CPU
		{BDBF9C11-C781-4463-834D-19BD448FB56D}.Release|Any CPU.Build.0 = Release|Any CPU
		{AF809C99-6339-4C9F-8F39-A4989B846AD6}.Debug|Any CPU.ActiveCfg = Debug|Any CPU
		{AF809C99-6339-4C9F-8F39-A4989B846AD6}.Debug|Any CPU.Build.0 = Debug|Any CPU
		{AF809C99-6339-4C9F-8F39-A4989B846AD6}.Release|Any CPU.ActiveCfg = Release|Any CPU
		{AF809C99-6339-4C9F-8F39-A4989B846AD6}.Release|Any CPU.Build.0 = Release|Any CPU
	EndGlobalSection
	GlobalSection(SolutionProperties) = preSolution
		HideSolutionNode = FALSE
	EndGlobalSection
	GlobalSection(NestedProjects) = preSolution
		{ED1A4382-48F5-4F63-8A37-F61C05B20846} = {71C33483-8382-403D-9027-43B957157909}
		{BDBF9C11-C781-4463-834D-19BD448FB56D} = {1B69AE63-D58A-496C-B178-149F42EC4985}
	EndGlobalSection
EndGlobal
